// !$*UTF8*$!
{
	archiveVersion = 1;
	classes = {
	};
	objectVersion = 46;
	objects = {

/* Begin PBXBuildFile section */
		370B676B18DC33200071CDE4 /* SInspectionViewController.m in Sources */ = {isa = PBXBuildFile; fileRef = 370B676A18DC33200071CDE4 /* SInspectionViewController.m */; };
		370B676F18DC344F0071CDE4 /* SMessageViewController.m in Sources */ = {isa = PBXBuildFile; fileRef = 370B676E18DC344F0071CDE4 /* SMessageViewController.m */; };
		370B677518DC35520071CDE4 /* SProblemContentViewController.m in Sources */ = {isa = PBXBuildFile; fileRef = 370B677418DC35520071CDE4 /* SProblemContentViewController.m */; };
		370B677818DC35660071CDE4 /* SInspectionContentViewController.m in Sources */ = {isa = PBXBuildFile; fileRef = 370B677718DC35660071CDE4 /* SInspectionContentViewController.m */; };
		370B677B18DC35820071CDE4 /* SChangeContentViewController.m in Sources */ = {isa = PBXBuildFile; fileRef = 370B677A18DC35820071CDE4 /* SChangeContentViewController.m */; };
		370B677E18DC364E0071CDE4 /* SIncidentContentViewController.m in Sources */ = {isa = PBXBuildFile; fileRef = 370B677D18DC364E0071CDE4 /* SIncidentContentViewController.m */; };
		3776A38318E14A210075B57F /* UIBarButtonItem+WEPopover.m in Sources */ = {isa = PBXBuildFile; fileRef = 3776A37B18E14A210075B57F /* UIBarButtonItem+WEPopover.m */; };
		3776A38418E14A210075B57F /* WEPopoverContainerView.m in Sources */ = {isa = PBXBuildFile; fileRef = 3776A37D18E14A210075B57F /* WEPopoverContainerView.m */; settings = {COMPILER_FLAGS = "-fno-objc-arc"; }; };
		3776A38518E14A210075B57F /* WEPopoverController.m in Sources */ = {isa = PBXBuildFile; fileRef = 3776A37F18E14A210075B57F /* WEPopoverController.m */; settings = {COMPILER_FLAGS = "-fno-objc-arc"; }; };
		3776A38618E14A210075B57F /* WETouchableView.m in Sources */ = {isa = PBXBuildFile; fileRef = 3776A38218E14A210075B57F /* WETouchableView.m */; settings = {COMPILER_FLAGS = "-fno-objc-arc"; }; };
		3776A38918E14B2A0075B57F /* SIncidentOperationPopoverController.m in Sources */ = {isa = PBXBuildFile; fileRef = 3776A38818E14B2A0075B57F /* SIncidentOperationPopoverController.m */; settings = {COMPILER_FLAGS = "-fno-objc-arc"; }; };
		37948F3B18DFD05B00A5BBDA /* SMessageContentViewController.m in Sources */ = {isa = PBXBuildFile; fileRef = 37948F3A18DFD05B00A5BBDA /* SMessageContentViewController.m */; };
		37948F4918DFD5CA00A5BBDA /* SIncident.m in Sources */ = {isa = PBXBuildFile; fileRef = 37948F3E18DFD5CA00A5BBDA /* SIncident.m */; };
		37948F4A18DFD5CA00A5BBDA /* SInspection.m in Sources */ = {isa = PBXBuildFile; fileRef = 37948F4018DFD5CA00A5BBDA /* SInspection.m */; };
		37948F4B18DFD5CA00A5BBDA /* SInspectionDao.m in Sources */ = {isa = PBXBuildFile; fileRef = 37948F4218DFD5CA00A5BBDA /* SInspectionDao.m */; };
		37948F4C18DFD5CA00A5BBDA /* SProblem.m in Sources */ = {isa = PBXBuildFile; fileRef = 37948F4418DFD5CA00A5BBDA /* SProblem.m */; };
		37948F4D18DFD5CA00A5BBDA /* SProblemDao.m in Sources */ = {isa = PBXBuildFile; fileRef = 37948F4618DFD5CA00A5BBDA /* SProblemDao.m */; };
		37948F4E18DFD5CA00A5BBDA /* SIncidentDao.m in Sources */ = {isa = PBXBuildFile; fileRef = 37948F4818DFD5CA00A5BBDA /* SIncidentDao.m */; };
		37948F5118DFD6E300A5BBDA /* SUser.m in Sources */ = {isa = PBXBuildFile; fileRef = 37948F5018DFD6E300A5BBDA /* SUser.m */; };
		37948F5E18DFDDDB00A5BBDA /* FMDatabase.m in Sources */ = {isa = PBXBuildFile; fileRef = 37948F5518DFDDDB00A5BBDA /* FMDatabase.m */; };
		37948F5F18DFDDDB00A5BBDA /* FMDatabaseAdditions.m in Sources */ = {isa = PBXBuildFile; fileRef = 37948F5718DFDDDB00A5BBDA /* FMDatabaseAdditions.m */; };
		37948F6018DFDDDB00A5BBDA /* FMDatabasePool.m in Sources */ = {isa = PBXBuildFile; fileRef = 37948F5918DFDDDB00A5BBDA /* FMDatabasePool.m */; };
		37948F6118DFDDDB00A5BBDA /* FMDatabaseQueue.m in Sources */ = {isa = PBXBuildFile; fileRef = 37948F5B18DFDDDB00A5BBDA /* FMDatabaseQueue.m */; };
		37948F6218DFDDDB00A5BBDA /* FMResultSet.m in Sources */ = {isa = PBXBuildFile; fileRef = 37948F5D18DFDDDB00A5BBDA /* FMResultSet.m */; };
		37948F6518DFDDE900A5BBDA /* SDatabase.m in Sources */ = {isa = PBXBuildFile; fileRef = 37948F6418DFDDE900A5BBDA /* SDatabase.m */; };
		37948F6918DFE23B00A5BBDA /* SIncidentBaseInfoCell.m in Sources */ = {isa = PBXBuildFile; fileRef = 37948F6718DFE23B00A5BBDA /* SIncidentBaseInfoCell.m */; };
		37948F6A18DFE23B00A5BBDA /* SIncidentBaseInfoCell.xib in Resources */ = {isa = PBXBuildFile; fileRef = 37948F6818DFE23B00A5BBDA /* SIncidentBaseInfoCell.xib */; };
		37948F6D18DFE49800A5BBDA /* SIncidentListView.m in Sources */ = {isa = PBXBuildFile; fileRef = 37948F6C18DFE49800A5BBDA /* SIncidentListView.m */; };
		37948F7118DFFAC100A5BBDA /* SmartITSM.db in Resources */ = {isa = PBXBuildFile; fileRef = 37948F7018DFFAC100A5BBDA /* SmartITSM.db */; };
		37FA4C9818DBE153004AB106 /* SProblemViewController.m in Sources */ = {isa = PBXBuildFile; fileRef = 37FA4C9718DBE153004AB106 /* SProblemViewController.m */; };
		37FA4C9B18DBE16F004AB106 /* SChangeViewController.m in Sources */ = {isa = PBXBuildFile; fileRef = 37FA4C9A18DBE16F004AB106 /* SChangeViewController.m */; };
		37FA4C9E18DBE196004AB106 /* SIncidentViewController.m in Sources */ = {isa = PBXBuildFile; fileRef = 37FA4C9D18DBE196004AB106 /* SIncidentViewController.m */; };
		4414453518D7DB3A00B9FFE0 /* libsqlite3.dylib in Frameworks */ = {isa = PBXBuildFile; fileRef = 4414453418D7DB3A00B9FFE0 /* libsqlite3.dylib */; };
		4417CF7218AC74C700E6E09F /* Foundation.framework in Frameworks */ = {isa = PBXBuildFile; fileRef = 4417CF7118AC74C700E6E09F /* Foundation.framework */; };
		4417CF7418AC74C700E6E09F /* CoreGraphics.framework in Frameworks */ = {isa = PBXBuildFile; fileRef = 4417CF7318AC74C700E6E09F /* CoreGraphics.framework */; };
		4417CF7618AC74C700E6E09F /* UIKit.framework in Frameworks */ = {isa = PBXBuildFile; fileRef = 4417CF7518AC74C700E6E09F /* UIKit.framework */; };
		4417CF7C18AC74C700E6E09F /* InfoPlist.strings in Resources */ = {isa = PBXBuildFile; fileRef = 4417CF7A18AC74C700E6E09F /* InfoPlist.strings */; };
		4417CF7E18AC74C700E6E09F /* main.m in Sources */ = {isa = PBXBuildFile; fileRef = 4417CF7D18AC74C700E6E09F /* main.m */; };
		4417CF8218AC74C700E6E09F /* AppDelegate.m in Sources */ = {isa = PBXBuildFile; fileRef = 4417CF8118AC74C700E6E09F /* AppDelegate.m */; };
		4417CF8518AC74C700E6E09F /* Main.storyboard in Resources */ = {isa = PBXBuildFile; fileRef = 4417CF8318AC74C700E6E09F /* Main.storyboard */; };
		4417CF8A18AC74C700E6E09F /* Images.xcassets in Resources */ = {isa = PBXBuildFile; fileRef = 4417CF8918AC74C700E6E09F /* Images.xcassets */; };
		4417CF9118AC74C700E6E09F /* XCTest.framework in Frameworks */ = {isa = PBXBuildFile; fileRef = 4417CF9018AC74C700E6E09F /* XCTest.framework */; };
		4417CF9218AC74C700E6E09F /* Foundation.framework in Frameworks */ = {isa = PBXBuildFile; fileRef = 4417CF7118AC74C700E6E09F /* Foundation.framework */; };
		4417CF9318AC74C700E6E09F /* UIKit.framework in Frameworks */ = {isa = PBXBuildFile; fileRef = 4417CF7518AC74C700E6E09F /* UIKit.framework */; };
		4417CF9B18AC74C700E6E09F /* InfoPlist.strings in Resources */ = {isa = PBXBuildFile; fileRef = 4417CF9918AC74C700E6E09F /* InfoPlist.strings */; };
		4417CF9D18AC74C700E6E09F /* SmartITSMTests.m in Sources */ = {isa = PBXBuildFile; fileRef = 4417CF9C18AC74C700E6E09F /* SmartITSMTests.m */; };
		441E50B418E00FCF006831EA /* CalDataSource.m in Sources */ = {isa = PBXBuildFile; fileRef = 441E50A018E00FCF006831EA /* CalDataSource.m */; };
		441E50B518E00FCF006831EA /* CalGridView.m in Sources */ = {isa = PBXBuildFile; fileRef = 441E50A218E00FCF006831EA /* CalGridView.m */; };
		441E50B618E00FCF006831EA /* CalLogic.m in Sources */ = {isa = PBXBuildFile; fileRef = 441E50A418E00FCF006831EA /* CalLogic.m */; };
		441E50B718E00FCF006831EA /* CalMonthView.m in Sources */ = {isa = PBXBuildFile; fileRef = 441E50A618E00FCF006831EA /* CalMonthView.m */; };
		441E50B818E00FCF006831EA /* CalTileView.m in Sources */ = {isa = PBXBuildFile; fileRef = 441E50A918E00FCF006831EA /* CalTileView.m */; };
		441E50B918E00FCF006831EA /* CalView.m in Sources */ = {isa = PBXBuildFile; fileRef = 441E50AB18E00FCF006831EA /* CalView.m */; };
		441E50BA18E00FCF006831EA /* CalViewController.m in Sources */ = {isa = PBXBuildFile; fileRef = 441E50AD18E00FCF006831EA /* CalViewController.m */; };
		441E50BB18E00FCF006831EA /* NSDate+Convenience.m in Sources */ = {isa = PBXBuildFile; fileRef = 441E50AF18E00FCF006831EA /* NSDate+Convenience.m */; };
		441E50BC18E00FCF006831EA /* NSDateAdditions.m in Sources */ = {isa = PBXBuildFile; fileRef = 441E50B118E00FCF006831EA /* NSDateAdditions.m */; };
		441E50BD18E00FCF006831EA /* UIViewAdditions.m in Sources */ = {isa = PBXBuildFile; fileRef = 441E50B318E00FCF006831EA /* UIViewAdditions.m */; };
		441E50BF18E01D62006831EA /* Calendar.bundle in Resources */ = {isa = PBXBuildFile; fileRef = 441E50BE18E01D62006831EA /* Calendar.bundle */; };
		4439045518E1786C00E65AF4 /* HexColor.m in Sources */ = {isa = PBXBuildFile; fileRef = 4439044E18E1786C00E65AF4 /* HexColor.m */; };
		4439045618E1786C00E65AF4 /* TSBlurView.m in Sources */ = {isa = PBXBuildFile; fileRef = 4439045018E1786C00E65AF4 /* TSBlurView.m */; };
		4439045718E1786C00E65AF4 /* TSMessage.m in Sources */ = {isa = PBXBuildFile; fileRef = 4439045218E1786C00E65AF4 /* TSMessage.m */; };
		4439045818E1786C00E65AF4 /* TSMessageView.m in Sources */ = {isa = PBXBuildFile; fileRef = 4439045418E1786C00E65AF4 /* TSMessageView.m */; };
		4439045A18E1787700E65AF4 /* TSMessage.bundle in Resources */ = {isa = PBXBuildFile; fileRef = 4439045918E1787700E65AF4 /* TSMessage.bundle */; };
		4439045C18E1793500E65AF4 /* TSMessagesDefaultDesign.json in Resources */ = {isa = PBXBuildFile; fileRef = 4439045B18E1793500E65AF4 /* TSMessagesDefaultDesign.json */; };
		4485DC3018ACBA2500D17061 /* MastEngine.m in Sources */ = {isa = PBXBuildFile; fileRef = 4485DC2F18ACBA2500D17061 /* MastEngine.m */; };
		449D726318E27336009EC203 /* MBProgressHUD.m in Sources */ = {isa = PBXBuildFile; fileRef = 449D726218E27336009EC203 /* MBProgressHUD.m */; };
		44B02BF118ADA5990001451F /* ActionListener.m in Sources */ = {isa = PBXBuildFile; fileRef = 44B02BF018ADA5990001451F /* ActionListener.m */; };
		44B02BF518ADA7DE0001451F /* StatusListener.m in Sources */ = {isa = PBXBuildFile; fileRef = 44B02BF418ADA7DE0001451F /* StatusListener.m */; };
		44B02BF818ADAA2D0001451F /* Failure.m in Sources */ = {isa = PBXBuildFile; fileRef = 44B02BF718ADAA2D0001451F /* Failure.m */; };
		44B02BFB18ADAD7B0001451F /* Contacts.m in Sources */ = {isa = PBXBuildFile; fileRef = 44B02BFA18ADAD7B0001451F /* Contacts.m */; };
		44B02BFE18ADAEB40001451F /* ListenerSet.m in Sources */ = {isa = PBXBuildFile; fileRef = 44B02BFD18ADAEB40001451F /* ListenerSet.m */; };
		44B1182C18DADF7B00539D0C /* STool.m in Sources */ = {isa = PBXBuildFile; fileRef = 44B1182B18DADF7B00539D0C /* STool.m */; };
		4A085DEE18D81B1B0078CDF1 /* SSigninViewController.m in Sources */ = {isa = PBXBuildFile; fileRef = 4A085DED18D81B1B0078CDF1 /* SSigninViewController.m */; };
		4A085DF118D829E10078CDF1 /* SSigninView.m in Sources */ = {isa = PBXBuildFile; fileRef = 4A085DF018D829E10078CDF1 /* SSigninView.m */; };
		4A085DF418D829FB0078CDF1 /* SConfigServerView.m in Sources */ = {isa = PBXBuildFile; fileRef = 4A085DF318D829FB0078CDF1 /* SConfigServerView.m */; };
		4A085DF918D8564E0078CDF1 /* Reachability.m in Sources */ = {isa = PBXBuildFile; fileRef = 4A085DF818D8564E0078CDF1 /* Reachability.m */; };
		4A6ACFB918B361DE00DBDD11 /* libnucleus.a in Frameworks */ = {isa = PBXBuildFile; fileRef = 4485DC5A18ACC81F00D17061 /* libnucleus.a */; };
		4A92F0F318AC958F00EB594B /* SOwnViewController.m in Sources */ = {isa = PBXBuildFile; fileRef = 4A92F0F218AC958F00EB594B /* SOwnViewController.m */; };
		4A92F0F618AC95B000EB594B /* SDiscoveryViewController.m in Sources */ = {isa = PBXBuildFile; fileRef = 4A92F0F518AC95B000EB594B /* SDiscoveryViewController.m */; };
		4A92F0F918AC972B00EB594B /* SToolViewController.m in Sources */ = {isa = PBXBuildFile; fileRef = 4A92F0F818AC972B00EB594B /* SToolViewController.m */; };
		4A92F10118AC9C4900EB594B /* SDiscoveryDetailViewController.m in Sources */ = {isa = PBXBuildFile; fileRef = 4A92F10018AC9C4900EB594B /* SDiscoveryDetailViewController.m */; };
		4A92F10518AC9CF400EB594B /* SToolDetailViewController.m in Sources */ = {isa = PBXBuildFile; fileRef = 4A92F10418AC9CF400EB594B /* SToolDetailViewController.m */; };
		4A92F11118ACAEBE00EB594B /* RootViewController.m in Sources */ = {isa = PBXBuildFile; fileRef = 4A92F11018ACAEBE00EB594B /* RootViewController.m */; };
		4AB79DA918DEEC8200ECEC27 /* SAlarmContentViewController.m in Sources */ = {isa = PBXBuildFile; fileRef = 4AB79DA818DEEC8200ECEC27 /* SAlarmContentViewController.m */; };
		4AB79DAC18DEEF6700ECEC27 /* SAlarmViewController.m in Sources */ = {isa = PBXBuildFile; fileRef = 4AB79DAB18DEEF6700ECEC27 /* SAlarmViewController.m */; };
		4AC37C9A18E13792001A82C5 /* SResourceListViewController.m in Sources */ = {isa = PBXBuildFile; fileRef = 4AC37C9918E13792001A82C5 /* SResourceListViewController.m */; };
/* End PBXBuildFile section */

/* Begin PBXContainerItemProxy section */
		4417CF9418AC74C700E6E09F /* PBXContainerItemProxy */ = {
			isa = PBXContainerItemProxy;
			containerPortal = 4417CF6618AC74C700E6E09F /* Project object */;
			proxyType = 1;
			remoteGlobalIDString = 4417CF6D18AC74C700E6E09F;
			remoteInfo = SmartITSM;
		};
/* End PBXContainerItemProxy section */

/* Begin PBXFileReference section */
		370B676918DC33200071CDE4 /* SInspectionViewController.h */ = {isa = PBXFileReference; fileEncoding = 4; lastKnownFileType = sourcecode.c.h; path = SInspectionViewController.h; sourceTree = "<group>"; };
		370B676A18DC33200071CDE4 /* SInspectionViewController.m */ = {isa = PBXFileReference; fileEncoding = 4; lastKnownFileType = sourcecode.c.objc; path = SInspectionViewController.m; sourceTree = "<group>"; };
		370B676D18DC344F0071CDE4 /* SMessageViewController.h */ = {isa = PBXFileReference; fileEncoding = 4; lastKnownFileType = sourcecode.c.h; path = SMessageViewController.h; sourceTree = "<group>"; };
		370B676E18DC344F0071CDE4 /* SMessageViewController.m */ = {isa = PBXFileReference; fileEncoding = 4; lastKnownFileType = sourcecode.c.objc; path = SMessageViewController.m; sourceTree = "<group>"; };
		370B677318DC35520071CDE4 /* SProblemContentViewController.h */ = {isa = PBXFileReference; fileEncoding = 4; lastKnownFileType = sourcecode.c.h; path = SProblemContentViewController.h; sourceTree = "<group>"; };
		370B677418DC35520071CDE4 /* SProblemContentViewController.m */ = {isa = PBXFileReference; fileEncoding = 4; lastKnownFileType = sourcecode.c.objc; path = SProblemContentViewController.m; sourceTree = "<group>"; };
		370B677618DC35660071CDE4 /* SInspectionContentViewController.h */ = {isa = PBXFileReference; fileEncoding = 4; lastKnownFileType = sourcecode.c.h; path = SInspectionContentViewController.h; sourceTree = "<group>"; };
		370B677718DC35660071CDE4 /* SInspectionContentViewController.m */ = {isa = PBXFileReference; fileEncoding = 4; lastKnownFileType = sourcecode.c.objc; path = SInspectionContentViewController.m; sourceTree = "<group>"; };
		370B677918DC35820071CDE4 /* SChangeContentViewController.h */ = {isa = PBXFileReference; fileEncoding = 4; lastKnownFileType = sourcecode.c.h; path = SChangeContentViewController.h; sourceTree = "<group>"; };
		370B677A18DC35820071CDE4 /* SChangeContentViewController.m */ = {isa = PBXFileReference; fileEncoding = 4; lastKnownFileType = sourcecode.c.objc; path = SChangeContentViewController.m; sourceTree = "<group>"; };
		370B677C18DC364E0071CDE4 /* SIncidentContentViewController.h */ = {isa = PBXFileReference; fileEncoding = 4; lastKnownFileType = sourcecode.c.h; path = SIncidentContentViewController.h; sourceTree = "<group>"; };
		370B677D18DC364E0071CDE4 /* SIncidentContentViewController.m */ = {isa = PBXFileReference; fileEncoding = 4; lastKnownFileType = sourcecode.c.objc; path = SIncidentContentViewController.m; sourceTree = "<group>"; };
		3776A37A18E14A210075B57F /* UIBarButtonItem+WEPopover.h */ = {isa = PBXFileReference; fileEncoding = 4; lastKnownFileType = sourcecode.c.h; path = "UIBarButtonItem+WEPopover.h"; sourceTree = "<group>"; };
		3776A37B18E14A210075B57F /* UIBarButtonItem+WEPopover.m */ = {isa = PBXFileReference; fileEncoding = 4; lastKnownFileType = sourcecode.c.objc; path = "UIBarButtonItem+WEPopover.m"; sourceTree = "<group>"; };
		3776A37C18E14A210075B57F /* WEPopoverContainerView.h */ = {isa = PBXFileReference; fileEncoding = 4; lastKnownFileType = sourcecode.c.h; path = WEPopoverContainerView.h; sourceTree = "<group>"; };
		3776A37D18E14A210075B57F /* WEPopoverContainerView.m */ = {isa = PBXFileReference; fileEncoding = 4; lastKnownFileType = sourcecode.c.objc; path = WEPopoverContainerView.m; sourceTree = "<group>"; };
		3776A37E18E14A210075B57F /* WEPopoverController.h */ = {isa = PBXFileReference; fileEncoding = 4; lastKnownFileType = sourcecode.c.h; path = WEPopoverController.h; sourceTree = "<group>"; };
		3776A37F18E14A210075B57F /* WEPopoverController.m */ = {isa = PBXFileReference; fileEncoding = 4; lastKnownFileType = sourcecode.c.objc; path = WEPopoverController.m; sourceTree = "<group>"; };
		3776A38018E14A210075B57F /* WEPopoverParentView.h */ = {isa = PBXFileReference; fileEncoding = 4; lastKnownFileType = sourcecode.c.h; path = WEPopoverParentView.h; sourceTree = "<group>"; };
		3776A38118E14A210075B57F /* WETouchableView.h */ = {isa = PBXFileReference; fileEncoding = 4; lastKnownFileType = sourcecode.c.h; path = WETouchableView.h; sourceTree = "<group>"; };
		3776A38218E14A210075B57F /* WETouchableView.m */ = {isa = PBXFileReference; fileEncoding = 4; lastKnownFileType = sourcecode.c.objc; path = WETouchableView.m; sourceTree = "<group>"; };
		3776A38718E14B2A0075B57F /* SIncidentOperationPopoverController.h */ = {isa = PBXFileReference; fileEncoding = 4; lastKnownFileType = sourcecode.c.h; path = SIncidentOperationPopoverController.h; sourceTree = "<group>"; };
		3776A38818E14B2A0075B57F /* SIncidentOperationPopoverController.m */ = {isa = PBXFileReference; fileEncoding = 4; lastKnownFileType = sourcecode.c.objc; path = SIncidentOperationPopoverController.m; sourceTree = "<group>"; };
		37948F3918DFD05B00A5BBDA /* SMessageContentViewController.h */ = {isa = PBXFileReference; fileEncoding = 4; lastKnownFileType = sourcecode.c.h; path = SMessageContentViewController.h; sourceTree = "<group>"; };
		37948F3A18DFD05B00A5BBDA /* SMessageContentViewController.m */ = {isa = PBXFileReference; fileEncoding = 4; lastKnownFileType = sourcecode.c.objc; path = SMessageContentViewController.m; sourceTree = "<group>"; };
		37948F3D18DFD5CA00A5BBDA /* SIncident.h */ = {isa = PBXFileReference; fileEncoding = 4; lastKnownFileType = sourcecode.c.h; path = SIncident.h; sourceTree = "<group>"; };
		37948F3E18DFD5CA00A5BBDA /* SIncident.m */ = {isa = PBXFileReference; fileEncoding = 4; lastKnownFileType = sourcecode.c.objc; path = SIncident.m; sourceTree = "<group>"; };
		37948F3F18DFD5CA00A5BBDA /* SInspection.h */ = {isa = PBXFileReference; fileEncoding = 4; lastKnownFileType = sourcecode.c.h; path = SInspection.h; sourceTree = "<group>"; };
		37948F4018DFD5CA00A5BBDA /* SInspection.m */ = {isa = PBXFileReference; fileEncoding = 4; lastKnownFileType = sourcecode.c.objc; path = SInspection.m; sourceTree = "<group>"; };
		37948F4118DFD5CA00A5BBDA /* SInspectionDao.h */ = {isa = PBXFileReference; fileEncoding = 4; lastKnownFileType = sourcecode.c.h; path = SInspectionDao.h; sourceTree = "<group>"; };
		37948F4218DFD5CA00A5BBDA /* SInspectionDao.m */ = {isa = PBXFileReference; fileEncoding = 4; lastKnownFileType = sourcecode.c.objc; path = SInspectionDao.m; sourceTree = "<group>"; };
		37948F4318DFD5CA00A5BBDA /* SProblem.h */ = {isa = PBXFileReference; fileEncoding = 4; lastKnownFileType = sourcecode.c.h; path = SProblem.h; sourceTree = "<group>"; };
		37948F4418DFD5CA00A5BBDA /* SProblem.m */ = {isa = PBXFileReference; fileEncoding = 4; lastKnownFileType = sourcecode.c.objc; path = SProblem.m; sourceTree = "<group>"; };
		37948F4518DFD5CA00A5BBDA /* SProblemDao.h */ = {isa = PBXFileReference; fileEncoding = 4; lastKnownFileType = sourcecode.c.h; path = SProblemDao.h; sourceTree = "<group>"; };
		37948F4618DFD5CA00A5BBDA /* SProblemDao.m */ = {isa = PBXFileReference; fileEncoding = 4; lastKnownFileType = sourcecode.c.objc; path = SProblemDao.m; sourceTree = "<group>"; };
		37948F4718DFD5CA00A5BBDA /* SIncidentDao.h */ = {isa = PBXFileReference; fileEncoding = 4; lastKnownFileType = sourcecode.c.h; path = SIncidentDao.h; sourceTree = "<group>"; };
		37948F4818DFD5CA00A5BBDA /* SIncidentDao.m */ = {isa = PBXFileReference; fileEncoding = 4; lastKnownFileType = sourcecode.c.objc; path = SIncidentDao.m; sourceTree = "<group>"; };
		37948F4F18DFD6E300A5BBDA /* SUser.h */ = {isa = PBXFileReference; fileEncoding = 4; lastKnownFileType = sourcecode.c.h; path = SUser.h; sourceTree = "<group>"; };
		37948F5018DFD6E300A5BBDA /* SUser.m */ = {isa = PBXFileReference; fileEncoding = 4; lastKnownFileType = sourcecode.c.objc; path = SUser.m; sourceTree = "<group>"; };
		37948F5418DFDDDB00A5BBDA /* FMDatabase.h */ = {isa = PBXFileReference; fileEncoding = 4; lastKnownFileType = sourcecode.c.h; path = FMDatabase.h; sourceTree = "<group>"; };
		37948F5518DFDDDB00A5BBDA /* FMDatabase.m */ = {isa = PBXFileReference; fileEncoding = 4; lastKnownFileType = sourcecode.c.objc; path = FMDatabase.m; sourceTree = "<group>"; };
		37948F5618DFDDDB00A5BBDA /* FMDatabaseAdditions.h */ = {isa = PBXFileReference; fileEncoding = 4; lastKnownFileType = sourcecode.c.h; path = FMDatabaseAdditions.h; sourceTree = "<group>"; };
		37948F5718DFDDDB00A5BBDA /* FMDatabaseAdditions.m */ = {isa = PBXFileReference; fileEncoding = 4; lastKnownFileType = sourcecode.c.objc; path = FMDatabaseAdditions.m; sourceTree = "<group>"; };
		37948F5818DFDDDB00A5BBDA /* FMDatabasePool.h */ = {isa = PBXFileReference; fileEncoding = 4; lastKnownFileType = sourcecode.c.h; path = FMDatabasePool.h; sourceTree = "<group>"; };
		37948F5918DFDDDB00A5BBDA /* FMDatabasePool.m */ = {isa = PBXFileReference; fileEncoding = 4; lastKnownFileType = sourcecode.c.objc; path = FMDatabasePool.m; sourceTree = "<group>"; };
		37948F5A18DFDDDB00A5BBDA /* FMDatabaseQueue.h */ = {isa = PBXFileReference; fileEncoding = 4; lastKnownFileType = sourcecode.c.h; path = FMDatabaseQueue.h; sourceTree = "<group>"; };
		37948F5B18DFDDDB00A5BBDA /* FMDatabaseQueue.m */ = {isa = PBXFileReference; fileEncoding = 4; lastKnownFileType = sourcecode.c.objc; path = FMDatabaseQueue.m; sourceTree = "<group>"; };
		37948F5C18DFDDDB00A5BBDA /* FMResultSet.h */ = {isa = PBXFileReference; fileEncoding = 4; lastKnownFileType = sourcecode.c.h; path = FMResultSet.h; sourceTree = "<group>"; };
		37948F5D18DFDDDB00A5BBDA /* FMResultSet.m */ = {isa = PBXFileReference; fileEncoding = 4; lastKnownFileType = sourcecode.c.objc; path = FMResultSet.m; sourceTree = "<group>"; };
		37948F6318DFDDE900A5BBDA /* SDatabase.h */ = {isa = PBXFileReference; fileEncoding = 4; lastKnownFileType = sourcecode.c.h; path = SDatabase.h; sourceTree = "<group>"; };
		37948F6418DFDDE900A5BBDA /* SDatabase.m */ = {isa = PBXFileReference; fileEncoding = 4; lastKnownFileType = sourcecode.c.objc; path = SDatabase.m; sourceTree = "<group>"; };
		37948F6618DFE23B00A5BBDA /* SIncidentBaseInfoCell.h */ = {isa = PBXFileReference; fileEncoding = 4; lastKnownFileType = sourcecode.c.h; path = SIncidentBaseInfoCell.h; sourceTree = "<group>"; };
		37948F6718DFE23B00A5BBDA /* SIncidentBaseInfoCell.m */ = {isa = PBXFileReference; fileEncoding = 4; lastKnownFileType = sourcecode.c.objc; path = SIncidentBaseInfoCell.m; sourceTree = "<group>"; };
		37948F6818DFE23B00A5BBDA /* SIncidentBaseInfoCell.xib */ = {isa = PBXFileReference; fileEncoding = 4; lastKnownFileType = file.xib; path = SIncidentBaseInfoCell.xib; sourceTree = "<group>"; };
		37948F6B18DFE49800A5BBDA /* SIncidentListView.h */ = {isa = PBXFileReference; fileEncoding = 4; lastKnownFileType = sourcecode.c.h; path = SIncidentListView.h; sourceTree = "<group>"; };
		37948F6C18DFE49800A5BBDA /* SIncidentListView.m */ = {isa = PBXFileReference; fileEncoding = 4; lastKnownFileType = sourcecode.c.objc; path = SIncidentListView.m; sourceTree = "<group>"; };
		37948F7018DFFAC100A5BBDA /* SmartITSM.db */ = {isa = PBXFileReference; lastKnownFileType = file; path = SmartITSM.db; sourceTree = "<group>"; };
		37FA4C9618DBE153004AB106 /* SProblemViewController.h */ = {isa = PBXFileReference; fileEncoding = 4; lastKnownFileType = sourcecode.c.h; path = SProblemViewController.h; sourceTree = "<group>"; };
		37FA4C9718DBE153004AB106 /* SProblemViewController.m */ = {isa = PBXFileReference; fileEncoding = 4; lastKnownFileType = sourcecode.c.objc; path = SProblemViewController.m; sourceTree = "<group>"; };
		37FA4C9918DBE16F004AB106 /* SChangeViewController.h */ = {isa = PBXFileReference; fileEncoding = 4; lastKnownFileType = sourcecode.c.h; path = SChangeViewController.h; sourceTree = "<group>"; };
		37FA4C9A18DBE16F004AB106 /* SChangeViewController.m */ = {isa = PBXFileReference; fileEncoding = 4; lastKnownFileType = sourcecode.c.objc; path = SChangeViewController.m; sourceTree = "<group>"; };
		37FA4C9C18DBE196004AB106 /* SIncidentViewController.h */ = {isa = PBXFileReference; fileEncoding = 4; lastKnownFileType = sourcecode.c.h; path = SIncidentViewController.h; sourceTree = "<group>"; };
		37FA4C9D18DBE196004AB106 /* SIncidentViewController.m */ = {isa = PBXFileReference; fileEncoding = 4; lastKnownFileType = sourcecode.c.objc; path = SIncidentViewController.m; sourceTree = "<group>"; };
		4414453418D7DB3A00B9FFE0 /* libsqlite3.dylib */ = {isa = PBXFileReference; lastKnownFileType = "compiled.mach-o.dylib"; name = libsqlite3.dylib; path = usr/lib/libsqlite3.dylib; sourceTree = SDKROOT; };
		4417CF6E18AC74C700E6E09F /* SmartITSM.app */ = {isa = PBXFileReference; explicitFileType = wrapper.application; includeInIndex = 0; path = SmartITSM.app; sourceTree = BUILT_PRODUCTS_DIR; };
		4417CF7118AC74C700E6E09F /* Foundation.framework */ = {isa = PBXFileReference; lastKnownFileType = wrapper.framework; name = Foundation.framework; path = System/Library/Frameworks/Foundation.framework; sourceTree = SDKROOT; };
		4417CF7318AC74C700E6E09F /* CoreGraphics.framework */ = {isa = PBXFileReference; lastKnownFileType = wrapper.framework; name = CoreGraphics.framework; path = System/Library/Frameworks/CoreGraphics.framework; sourceTree = SDKROOT; };
		4417CF7518AC74C700E6E09F /* UIKit.framework */ = {isa = PBXFileReference; lastKnownFileType = wrapper.framework; name = UIKit.framework; path = System/Library/Frameworks/UIKit.framework; sourceTree = SDKROOT; };
		4417CF7918AC74C700E6E09F /* SmartITSM-Info.plist */ = {isa = PBXFileReference; lastKnownFileType = text.plist.xml; path = "SmartITSM-Info.plist"; sourceTree = "<group>"; };
		4417CF7B18AC74C700E6E09F /* en */ = {isa = PBXFileReference; lastKnownFileType = text.plist.strings; name = en; path = en.lproj/InfoPlist.strings; sourceTree = "<group>"; };
		4417CF7D18AC74C700E6E09F /* main.m */ = {isa = PBXFileReference; lastKnownFileType = sourcecode.c.objc; path = main.m; sourceTree = "<group>"; };
		4417CF7F18AC74C700E6E09F /* SmartITSM-Prefix.pch */ = {isa = PBXFileReference; lastKnownFileType = sourcecode.c.h; path = "SmartITSM-Prefix.pch"; sourceTree = "<group>"; };
		4417CF8018AC74C700E6E09F /* AppDelegate.h */ = {isa = PBXFileReference; lastKnownFileType = sourcecode.c.h; path = AppDelegate.h; sourceTree = "<group>"; };
		4417CF8118AC74C700E6E09F /* AppDelegate.m */ = {isa = PBXFileReference; lastKnownFileType = sourcecode.c.objc; path = AppDelegate.m; sourceTree = "<group>"; };
		4417CF8418AC74C700E6E09F /* Base */ = {isa = PBXFileReference; lastKnownFileType = file.storyboard; name = Base; path = Base.lproj/Main.storyboard; sourceTree = "<group>"; };
		4417CF8918AC74C700E6E09F /* Images.xcassets */ = {isa = PBXFileReference; lastKnownFileType = folder.assetcatalog; path = Images.xcassets; sourceTree = "<group>"; };
		4417CF8F18AC74C700E6E09F /* SmartITSMTests.xctest */ = {isa = PBXFileReference; explicitFileType = wrapper.cfbundle; includeInIndex = 0; path = SmartITSMTests.xctest; sourceTree = BUILT_PRODUCTS_DIR; };
		4417CF9018AC74C700E6E09F /* XCTest.framework */ = {isa = PBXFileReference; lastKnownFileType = wrapper.framework; name = XCTest.framework; path = Library/Frameworks/XCTest.framework; sourceTree = DEVELOPER_DIR; };
		4417CF9818AC74C700E6E09F /* SmartITSMTests-Info.plist */ = {isa = PBXFileReference; lastKnownFileType = text.plist.xml; path = "SmartITSMTests-Info.plist"; sourceTree = "<group>"; };
		4417CF9A18AC74C700E6E09F /* en */ = {isa = PBXFileReference; lastKnownFileType = text.plist.strings; name = en; path = en.lproj/InfoPlist.strings; sourceTree = "<group>"; };
		4417CF9C18AC74C700E6E09F /* SmartITSMTests.m */ = {isa = PBXFileReference; lastKnownFileType = sourcecode.c.objc; path = SmartITSMTests.m; sourceTree = "<group>"; };
		441E509D18E00FCF006831EA /* CalPrefix.h */ = {isa = PBXFileReference; fileEncoding = 4; lastKnownFileType = sourcecode.c.h; name = CalPrefix.h; path = Calendar/CalPrefix.h; sourceTree = "<group>"; };
		441E509E18E00FCF006831EA /* Cal.h */ = {isa = PBXFileReference; fileEncoding = 4; lastKnownFileType = sourcecode.c.h; name = Cal.h; path = Calendar/Cal.h; sourceTree = "<group>"; };
		441E509F18E00FCF006831EA /* CalDataSource.h */ = {isa = PBXFileReference; fileEncoding = 4; lastKnownFileType = sourcecode.c.h; name = CalDataSource.h; path = Calendar/CalDataSource.h; sourceTree = "<group>"; };
		441E50A018E00FCF006831EA /* CalDataSource.m */ = {isa = PBXFileReference; fileEncoding = 4; lastKnownFileType = sourcecode.c.objc; name = CalDataSource.m; path = Calendar/CalDataSource.m; sourceTree = "<group>"; };
		441E50A118E00FCF006831EA /* CalGridView.h */ = {isa = PBXFileReference; fileEncoding = 4; lastKnownFileType = sourcecode.c.h; name = CalGridView.h; path = Calendar/CalGridView.h; sourceTree = "<group>"; };
		441E50A218E00FCF006831EA /* CalGridView.m */ = {isa = PBXFileReference; fileEncoding = 4; lastKnownFileType = sourcecode.c.objc; name = CalGridView.m; path = Calendar/CalGridView.m; sourceTree = "<group>"; };
		441E50A318E00FCF006831EA /* CalLogic.h */ = {isa = PBXFileReference; fileEncoding = 4; lastKnownFileType = sourcecode.c.h; name = CalLogic.h; path = Calendar/CalLogic.h; sourceTree = "<group>"; };
		441E50A418E00FCF006831EA /* CalLogic.m */ = {isa = PBXFileReference; fileEncoding = 4; lastKnownFileType = sourcecode.c.objc; name = CalLogic.m; path = Calendar/CalLogic.m; sourceTree = "<group>"; };
		441E50A518E00FCF006831EA /* CalMonthView.h */ = {isa = PBXFileReference; fileEncoding = 4; lastKnownFileType = sourcecode.c.h; name = CalMonthView.h; path = Calendar/CalMonthView.h; sourceTree = "<group>"; };
		441E50A618E00FCF006831EA /* CalMonthView.m */ = {isa = PBXFileReference; fileEncoding = 4; lastKnownFileType = sourcecode.c.objc; name = CalMonthView.m; path = Calendar/CalMonthView.m; sourceTree = "<group>"; };
		441E50A718E00FCF006831EA /* CalPrivate.h */ = {isa = PBXFileReference; fileEncoding = 4; lastKnownFileType = sourcecode.c.h; name = CalPrivate.h; path = Calendar/CalPrivate.h; sourceTree = "<group>"; };
		441E50A818E00FCF006831EA /* CalTileView.h */ = {isa = PBXFileReference; fileEncoding = 4; lastKnownFileType = sourcecode.c.h; name = CalTileView.h; path = Calendar/CalTileView.h; sourceTree = "<group>"; };
		441E50A918E00FCF006831EA /* CalTileView.m */ = {isa = PBXFileReference; fileEncoding = 4; lastKnownFileType = sourcecode.c.objc; name = CalTileView.m; path = Calendar/CalTileView.m; sourceTree = "<group>"; };
		441E50AA18E00FCF006831EA /* CalView.h */ = {isa = PBXFileReference; fileEncoding = 4; lastKnownFileType = sourcecode.c.h; name = CalView.h; path = Calendar/CalView.h; sourceTree = "<group>"; };
		441E50AB18E00FCF006831EA /* CalView.m */ = {isa = PBXFileReference; fileEncoding = 4; lastKnownFileType = sourcecode.c.objc; name = CalView.m; path = Calendar/CalView.m; sourceTree = "<group>"; };
		441E50AC18E00FCF006831EA /* CalViewController.h */ = {isa = PBXFileReference; fileEncoding = 4; lastKnownFileType = sourcecode.c.h; name = CalViewController.h; path = Calendar/CalViewController.h; sourceTree = "<group>"; };
		441E50AD18E00FCF006831EA /* CalViewController.m */ = {isa = PBXFileReference; fileEncoding = 4; lastKnownFileType = sourcecode.c.objc; name = CalViewController.m; path = Calendar/CalViewController.m; sourceTree = "<group>"; };
		441E50AE18E00FCF006831EA /* NSDate+Convenience.h */ = {isa = PBXFileReference; fileEncoding = 4; lastKnownFileType = sourcecode.c.h; name = "NSDate+Convenience.h"; path = "Calendar/NSDate+Convenience.h"; sourceTree = "<group>"; };
		441E50AF18E00FCF006831EA /* NSDate+Convenience.m */ = {isa = PBXFileReference; fileEncoding = 4; lastKnownFileType = sourcecode.c.objc; name = "NSDate+Convenience.m"; path = "Calendar/NSDate+Convenience.m"; sourceTree = "<group>"; };
		441E50B018E00FCF006831EA /* NSDateAdditions.h */ = {isa = PBXFileReference; fileEncoding = 4; lastKnownFileType = sourcecode.c.h; name = NSDateAdditions.h; path = Calendar/NSDateAdditions.h; sourceTree = "<group>"; };
		441E50B118E00FCF006831EA /* NSDateAdditions.m */ = {isa = PBXFileReference; fileEncoding = 4; lastKnownFileType = sourcecode.c.objc; name = NSDateAdditions.m; path = Calendar/NSDateAdditions.m; sourceTree = "<group>"; };
		441E50B218E00FCF006831EA /* UIViewAdditions.h */ = {isa = PBXFileReference; fileEncoding = 4; lastKnownFileType = sourcecode.c.h; name = UIViewAdditions.h; path = Calendar/UIViewAdditions.h; sourceTree = "<group>"; };
		441E50B318E00FCF006831EA /* UIViewAdditions.m */ = {isa = PBXFileReference; fileEncoding = 4; lastKnownFileType = sourcecode.c.objc; name = UIViewAdditions.m; path = Calendar/UIViewAdditions.m; sourceTree = "<group>"; };
		441E50BE18E01D62006831EA /* Calendar.bundle */ = {isa = PBXFileReference; lastKnownFileType = "wrapper.plug-in"; path = Calendar.bundle; sourceTree = "<group>"; };
		4439044D18E1786C00E65AF4 /* HexColor.h */ = {isa = PBXFileReference; fileEncoding = 4; lastKnownFileType = sourcecode.c.h; name = HexColor.h; path = TSMessage/HexColor.h; sourceTree = "<group>"; };
		4439044E18E1786C00E65AF4 /* HexColor.m */ = {isa = PBXFileReference; fileEncoding = 4; lastKnownFileType = sourcecode.c.objc; name = HexColor.m; path = TSMessage/HexColor.m; sourceTree = "<group>"; };
		4439044F18E1786C00E65AF4 /* TSBlurView.h */ = {isa = PBXFileReference; fileEncoding = 4; lastKnownFileType = sourcecode.c.h; name = TSBlurView.h; path = TSMessage/TSBlurView.h; sourceTree = "<group>"; };
		4439045018E1786C00E65AF4 /* TSBlurView.m */ = {isa = PBXFileReference; fileEncoding = 4; lastKnownFileType = sourcecode.c.objc; name = TSBlurView.m; path = TSMessage/TSBlurView.m; sourceTree = "<group>"; };
		4439045118E1786C00E65AF4 /* TSMessage.h */ = {isa = PBXFileReference; fileEncoding = 4; lastKnownFileType = sourcecode.c.h; name = TSMessage.h; path = TSMessage/TSMessage.h; sourceTree = "<group>"; };
		4439045218E1786C00E65AF4 /* TSMessage.m */ = {isa = PBXFileReference; fileEncoding = 4; lastKnownFileType = sourcecode.c.objc; name = TSMessage.m; path = TSMessage/TSMessage.m; sourceTree = "<group>"; };
		4439045318E1786C00E65AF4 /* TSMessageView.h */ = {isa = PBXFileReference; fileEncoding = 4; lastKnownFileType = sourcecode.c.h; name = TSMessageView.h; path = TSMessage/TSMessageView.h; sourceTree = "<group>"; };
		4439045418E1786C00E65AF4 /* TSMessageView.m */ = {isa = PBXFileReference; fileEncoding = 4; lastKnownFileType = sourcecode.c.objc; name = TSMessageView.m; path = TSMessage/TSMessageView.m; sourceTree = "<group>"; };
		4439045918E1787700E65AF4 /* TSMessage.bundle */ = {isa = PBXFileReference; lastKnownFileType = "wrapper.plug-in"; path = TSMessage.bundle; sourceTree = "<group>"; };
		4439045B18E1793500E65AF4 /* TSMessagesDefaultDesign.json */ = {isa = PBXFileReference; fileEncoding = 4; lastKnownFileType = text.json; path = TSMessagesDefaultDesign.json; sourceTree = "<group>"; };
		4485DC2E18ACBA2500D17061 /* MastEngine.h */ = {isa = PBXFileReference; fileEncoding = 4; lastKnownFileType = sourcecode.c.h; path = MastEngine.h; sourceTree = "<group>"; };
		4485DC2F18ACBA2500D17061 /* MastEngine.m */ = {isa = PBXFileReference; fileEncoding = 4; lastKnownFileType = sourcecode.c.objc; path = MastEngine.m; sourceTree = "<group>"; };
		4485DC5A18ACC81F00D17061 /* libnucleus.a */ = {isa = PBXFileReference; lastKnownFileType = archive.ar; name = libnucleus.a; path = "../nucleus/bin/Debug-iphonesimulator/libnucleus.a"; sourceTree = "<group>"; };
		449D726118E27336009EC203 /* MBProgressHUD.h */ = {isa = PBXFileReference; fileEncoding = 4; lastKnownFileType = sourcecode.c.h; name = MBProgressHUD.h; path = MBProgressHUD/MBProgressHUD.h; sourceTree = "<group>"; };
		449D726218E27336009EC203 /* MBProgressHUD.m */ = {isa = PBXFileReference; fileEncoding = 4; lastKnownFileType = sourcecode.c.objc; name = MBProgressHUD.m; path = MBProgressHUD/MBProgressHUD.m; sourceTree = "<group>"; };
		44B02BEF18ADA5990001451F /* ActionListener.h */ = {isa = PBXFileReference; fileEncoding = 4; lastKnownFileType = sourcecode.c.h; path = ActionListener.h; sourceTree = "<group>"; };
		44B02BF018ADA5990001451F /* ActionListener.m */ = {isa = PBXFileReference; fileEncoding = 4; lastKnownFileType = sourcecode.c.objc; path = ActionListener.m; sourceTree = "<group>"; };
		44B02BF218ADA5E20001451F /* MastPrerequisites.h */ = {isa = PBXFileReference; lastKnownFileType = sourcecode.c.h; path = MastPrerequisites.h; sourceTree = "<group>"; };
		44B02BF318ADA7DE0001451F /* StatusListener.h */ = {isa = PBXFileReference; fileEncoding = 4; lastKnownFileType = sourcecode.c.h; path = StatusListener.h; sourceTree = "<group>"; };
		44B02BF418ADA7DE0001451F /* StatusListener.m */ = {isa = PBXFileReference; fileEncoding = 4; lastKnownFileType = sourcecode.c.objc; path = StatusListener.m; sourceTree = "<group>"; };
		44B02BF618ADAA2D0001451F /* Failure.h */ = {isa = PBXFileReference; fileEncoding = 4; lastKnownFileType = sourcecode.c.h; path = Failure.h; sourceTree = "<group>"; };
		44B02BF718ADAA2D0001451F /* Failure.m */ = {isa = PBXFileReference; fileEncoding = 4; lastKnownFileType = sourcecode.c.objc; path = Failure.m; sourceTree = "<group>"; };
		44B02BF918ADAD7B0001451F /* Contacts.h */ = {isa = PBXFileReference; fileEncoding = 4; lastKnownFileType = sourcecode.c.h; path = Contacts.h; sourceTree = "<group>"; };
		44B02BFA18ADAD7B0001451F /* Contacts.m */ = {isa = PBXFileReference; fileEncoding = 4; lastKnownFileType = sourcecode.c.objc; path = Contacts.m; sourceTree = "<group>"; };
		44B02BFC18ADAEB40001451F /* ListenerSet.h */ = {isa = PBXFileReference; fileEncoding = 4; lastKnownFileType = sourcecode.c.h; path = ListenerSet.h; sourceTree = "<group>"; };
		44B02BFD18ADAEB40001451F /* ListenerSet.m */ = {isa = PBXFileReference; fileEncoding = 4; lastKnownFileType = sourcecode.c.objc; path = ListenerSet.m; sourceTree = "<group>"; };
		44B1182A18DADF7B00539D0C /* STool.h */ = {isa = PBXFileReference; fileEncoding = 4; lastKnownFileType = sourcecode.c.h; path = STool.h; sourceTree = "<group>"; };
		44B1182B18DADF7B00539D0C /* STool.m */ = {isa = PBXFileReference; fileEncoding = 4; lastKnownFileType = sourcecode.c.objc; path = STool.m; sourceTree = "<group>"; };
		4A085DEC18D81B1B0078CDF1 /* SSigninViewController.h */ = {isa = PBXFileReference; fileEncoding = 4; lastKnownFileType = sourcecode.c.h; path = SSigninViewController.h; sourceTree = "<group>"; };
		4A085DED18D81B1B0078CDF1 /* SSigninViewController.m */ = {isa = PBXFileReference; fileEncoding = 4; lastKnownFileType = sourcecode.c.objc; path = SSigninViewController.m; sourceTree = "<group>"; };
		4A085DEF18D829E10078CDF1 /* SSigninView.h */ = {isa = PBXFileReference; fileEncoding = 4; lastKnownFileType = sourcecode.c.h; path = SSigninView.h; sourceTree = "<group>"; };
		4A085DF018D829E10078CDF1 /* SSigninView.m */ = {isa = PBXFileReference; fileEncoding = 4; lastKnownFileType = sourcecode.c.objc; path = SSigninView.m; sourceTree = "<group>"; };
		4A085DF218D829FB0078CDF1 /* SConfigServerView.h */ = {isa = PBXFileReference; fileEncoding = 4; lastKnownFileType = sourcecode.c.h; path = SConfigServerView.h; sourceTree = "<group>"; };
		4A085DF318D829FB0078CDF1 /* SConfigServerView.m */ = {isa = PBXFileReference; fileEncoding = 4; lastKnownFileType = sourcecode.c.objc; path = SConfigServerView.m; sourceTree = "<group>"; };
		4A085DF718D8564E0078CDF1 /* Reachability.h */ = {isa = PBXFileReference; fileEncoding = 4; lastKnownFileType = sourcecode.c.h; path = Reachability.h; sourceTree = "<group>"; };
		4A085DF818D8564E0078CDF1 /* Reachability.m */ = {isa = PBXFileReference; fileEncoding = 4; lastKnownFileType = sourcecode.c.objc; path = Reachability.m; sourceTree = "<group>"; };
		4A92F0F118AC958F00EB594B /* SOwnViewController.h */ = {isa = PBXFileReference; fileEncoding = 4; lastKnownFileType = sourcecode.c.h; path = SOwnViewController.h; sourceTree = "<group>"; };
		4A92F0F218AC958F00EB594B /* SOwnViewController.m */ = {isa = PBXFileReference; fileEncoding = 4; lastKnownFileType = sourcecode.c.objc; path = SOwnViewController.m; sourceTree = "<group>"; };
		4A92F0F418AC95B000EB594B /* SDiscoveryViewController.h */ = {isa = PBXFileReference; fileEncoding = 4; lastKnownFileType = sourcecode.c.h; path = SDiscoveryViewController.h; sourceTree = "<group>"; };
		4A92F0F518AC95B000EB594B /* SDiscoveryViewController.m */ = {isa = PBXFileReference; fileEncoding = 4; lastKnownFileType = sourcecode.c.objc; path = SDiscoveryViewController.m; sourceTree = "<group>"; };
		4A92F0F718AC972B00EB594B /* SToolViewController.h */ = {isa = PBXFileReference; fileEncoding = 4; lastKnownFileType = sourcecode.c.h; path = SToolViewController.h; sourceTree = "<group>"; };
		4A92F0F818AC972B00EB594B /* SToolViewController.m */ = {isa = PBXFileReference; fileEncoding = 4; lastKnownFileType = sourcecode.c.objc; path = SToolViewController.m; sourceTree = "<group>"; };
		4A92F0FF18AC9C4900EB594B /* SDiscoveryDetailViewController.h */ = {isa = PBXFileReference; fileEncoding = 4; lastKnownFileType = sourcecode.c.h; path = SDiscoveryDetailViewController.h; sourceTree = "<group>"; };
		4A92F10018AC9C4900EB594B /* SDiscoveryDetailViewController.m */ = {isa = PBXFileReference; fileEncoding = 4; lastKnownFileType = sourcecode.c.objc; path = SDiscoveryDetailViewController.m; sourceTree = "<group>"; };
		4A92F10318AC9CF400EB594B /* SToolDetailViewController.h */ = {isa = PBXFileReference; fileEncoding = 4; lastKnownFileType = sourcecode.c.h; path = SToolDetailViewController.h; sourceTree = "<group>"; };
		4A92F10418AC9CF400EB594B /* SToolDetailViewController.m */ = {isa = PBXFileReference; fileEncoding = 4; lastKnownFileType = sourcecode.c.objc; path = SToolDetailViewController.m; sourceTree = "<group>"; };
		4A92F10F18ACAEBE00EB594B /* RootViewController.h */ = {isa = PBXFileReference; fileEncoding = 4; lastKnownFileType = sourcecode.c.h; path = RootViewController.h; sourceTree = "<group>"; };
		4A92F11018ACAEBE00EB594B /* RootViewController.m */ = {isa = PBXFileReference; fileEncoding = 4; lastKnownFileType = sourcecode.c.objc; path = RootViewController.m; sourceTree = "<group>"; };
		4AB79DA718DEEC8200ECEC27 /* SAlarmContentViewController.h */ = {isa = PBXFileReference; fileEncoding = 4; lastKnownFileType = sourcecode.c.h; path = SAlarmContentViewController.h; sourceTree = "<group>"; };
		4AB79DA818DEEC8200ECEC27 /* SAlarmContentViewController.m */ = {isa = PBXFileReference; fileEncoding = 4; lastKnownFileType = sourcecode.c.objc; path = SAlarmContentViewController.m; sourceTree = "<group>"; };
		4AB79DAA18DEEF6700ECEC27 /* SAlarmViewController.h */ = {isa = PBXFileReference; fileEncoding = 4; lastKnownFileType = sourcecode.c.h; path = SAlarmViewController.h; sourceTree = "<group>"; };
		4AB79DAB18DEEF6700ECEC27 /* SAlarmViewController.m */ = {isa = PBXFileReference; fileEncoding = 4; lastKnownFileType = sourcecode.c.objc; path = SAlarmViewController.m; sourceTree = "<group>"; };
		4AC37C9818E13792001A82C5 /* SResourceListViewController.h */ = {isa = PBXFileReference; fileEncoding = 4; lastKnownFileType = sourcecode.c.h; path = SResourceListViewController.h; sourceTree = "<group>"; };
		4AC37C9918E13792001A82C5 /* SResourceListViewController.m */ = {isa = PBXFileReference; fileEncoding = 4; lastKnownFileType = sourcecode.c.objc; path = SResourceListViewController.m; sourceTree = "<group>"; };
/* End PBXFileReference section */

/* Begin PBXFrameworksBuildPhase section */
		4417CF6B18AC74C700E6E09F /* Frameworks */ = {
			isa = PBXFrameworksBuildPhase;
			buildActionMask = 2147483647;
			files = (
				4414453518D7DB3A00B9FFE0 /* libsqlite3.dylib in Frameworks */,
				4A6ACFB918B361DE00DBDD11 /* libnucleus.a in Frameworks */,
				4417CF7418AC74C700E6E09F /* CoreGraphics.framework in Frameworks */,
				4417CF7618AC74C700E6E09F /* UIKit.framework in Frameworks */,
				4417CF7218AC74C700E6E09F /* Foundation.framework in Frameworks */,
			);
			runOnlyForDeploymentPostprocessing = 0;
		};
		4417CF8C18AC74C700E6E09F /* Frameworks */ = {
			isa = PBXFrameworksBuildPhase;
			buildActionMask = 2147483647;
			files = (
				4417CF9118AC74C700E6E09F /* XCTest.framework in Frameworks */,
				4417CF9318AC74C700E6E09F /* UIKit.framework in Frameworks */,
				4417CF9218AC74C700E6E09F /* Foundation.framework in Frameworks */,
			);
			runOnlyForDeploymentPostprocessing = 0;
		};
/* End PBXFrameworksBuildPhase section */

/* Begin PBXGroup section */
		370B676C18DC34370071CDE4 /* Message */ = {
			isa = PBXGroup;
			children = (
				370B676D18DC344F0071CDE4 /* SMessageViewController.h */,
				370B676E18DC344F0071CDE4 /* SMessageViewController.m */,
				37948F3918DFD05B00A5BBDA /* SMessageContentViewController.h */,
				37948F3A18DFD05B00A5BBDA /* SMessageContentViewController.m */,
			);
			name = Message;
			sourceTree = "<group>";
		};
		3776A37918E14A210075B57F /* Popover */ = {
			isa = PBXGroup;
			children = (
				3776A37A18E14A210075B57F /* UIBarButtonItem+WEPopover.h */,
				3776A37B18E14A210075B57F /* UIBarButtonItem+WEPopover.m */,
				3776A37C18E14A210075B57F /* WEPopoverContainerView.h */,
				3776A37D18E14A210075B57F /* WEPopoverContainerView.m */,
				3776A37E18E14A210075B57F /* WEPopoverController.h */,
				3776A37F18E14A210075B57F /* WEPopoverController.m */,
				3776A38018E14A210075B57F /* WEPopoverParentView.h */,
				3776A38118E14A210075B57F /* WETouchableView.h */,
				3776A38218E14A210075B57F /* WETouchableView.m */,
			);
			path = Popover;
			sourceTree = "<group>";
		};
		37948F3C18DFD4CD00A5BBDA /* Model */ = {
			isa = PBXGroup;
			children = (
				37948F4F18DFD6E300A5BBDA /* SUser.h */,
				37948F5018DFD6E300A5BBDA /* SUser.m */,
				37948F3D18DFD5CA00A5BBDA /* SIncident.h */,
				37948F3E18DFD5CA00A5BBDA /* SIncident.m */,
				37948F3F18DFD5CA00A5BBDA /* SInspection.h */,
				37948F4018DFD5CA00A5BBDA /* SInspection.m */,
				37948F4118DFD5CA00A5BBDA /* SInspectionDao.h */,
				37948F4218DFD5CA00A5BBDA /* SInspectionDao.m */,
				37948F4318DFD5CA00A5BBDA /* SProblem.h */,
				37948F4418DFD5CA00A5BBDA /* SProblem.m */,
				37948F4518DFD5CA00A5BBDA /* SProblemDao.h */,
				37948F4618DFD5CA00A5BBDA /* SProblemDao.m */,
				37948F4718DFD5CA00A5BBDA /* SIncidentDao.h */,
				37948F4818DFD5CA00A5BBDA /* SIncidentDao.m */,
			);
			name = Model;
			sourceTree = "<group>";
		};
		37948F5218DFDDC300A5BBDA /* DataBase */ = {
			isa = PBXGroup;
			children = (
				37948F5318DFDDDB00A5BBDA /* FMDB */,
				37948F6318DFDDE900A5BBDA /* SDatabase.h */,
				37948F6418DFDDE900A5BBDA /* SDatabase.m */,
			);
			name = DataBase;
			sourceTree = "<group>";
		};
		37948F5318DFDDDB00A5BBDA /* FMDB */ = {
			isa = PBXGroup;
			children = (
				37948F5418DFDDDB00A5BBDA /* FMDatabase.h */,
				37948F5518DFDDDB00A5BBDA /* FMDatabase.m */,
				37948F5618DFDDDB00A5BBDA /* FMDatabaseAdditions.h */,
				37948F5718DFDDDB00A5BBDA /* FMDatabaseAdditions.m */,
				37948F5818DFDDDB00A5BBDA /* FMDatabasePool.h */,
				37948F5918DFDDDB00A5BBDA /* FMDatabasePool.m */,
				37948F5A18DFDDDB00A5BBDA /* FMDatabaseQueue.h */,
				37948F5B18DFDDDB00A5BBDA /* FMDatabaseQueue.m */,
				37948F5C18DFDDDB00A5BBDA /* FMResultSet.h */,
				37948F5D18DFDDDB00A5BBDA /* FMResultSet.m */,
			);
			path = FMDB;
			sourceTree = "<group>";
		};
		37948F6F18DFF8EB00A5BBDA /* Assets */ = {
			isa = PBXGroup;
			children = (
				37948F7018DFFAC100A5BBDA /* SmartITSM.db */,
			);
			path = Assets;
			sourceTree = "<group>";
		};
		37FA4C8F18DBDF0F004AB106 /* Incident */ = {
			isa = PBXGroup;
			children = (
				37948F6B18DFE49800A5BBDA /* SIncidentListView.h */,
				37948F6C18DFE49800A5BBDA /* SIncidentListView.m */,
				37948F6618DFE23B00A5BBDA /* SIncidentBaseInfoCell.h */,
				37948F6718DFE23B00A5BBDA /* SIncidentBaseInfoCell.m */,
				37948F6818DFE23B00A5BBDA /* SIncidentBaseInfoCell.xib */,
				37FA4C9C18DBE196004AB106 /* SIncidentViewController.h */,
				37FA4C9D18DBE196004AB106 /* SIncidentViewController.m */,
				370B677C18DC364E0071CDE4 /* SIncidentContentViewController.h */,
				370B677D18DC364E0071CDE4 /* SIncidentContentViewController.m */,
				3776A38718E14B2A0075B57F /* SIncidentOperationPopoverController.h */,
				3776A38818E14B2A0075B57F /* SIncidentOperationPopoverController.m */,
			);
			name = Incident;
			sourceTree = "<group>";
		};
		37FA4C9018DBDF1A004AB106 /* Problem */ = {
			isa = PBXGroup;
			children = (
				37FA4C9618DBE153004AB106 /* SProblemViewController.h */,
				37FA4C9718DBE153004AB106 /* SProblemViewController.m */,
				370B677318DC35520071CDE4 /* SProblemContentViewController.h */,
				370B677418DC35520071CDE4 /* SProblemContentViewController.m */,
			);
			name = Problem;
			sourceTree = "<group>";
		};
		37FA4C9118DBDF24004AB106 /* Change */ = {
			isa = PBXGroup;
			children = (
				37FA4C9918DBE16F004AB106 /* SChangeViewController.h */,
				37FA4C9A18DBE16F004AB106 /* SChangeViewController.m */,
				370B677918DC35820071CDE4 /* SChangeContentViewController.h */,
				370B677A18DC35820071CDE4 /* SChangeContentViewController.m */,
			);
			name = Change;
			sourceTree = "<group>";
		};
		37FA4C9218DBDF3B004AB106 /* Inspection */ = {
			isa = PBXGroup;
			children = (
				370B677618DC35660071CDE4 /* SInspectionContentViewController.h */,
				370B677718DC35660071CDE4 /* SInspectionContentViewController.m */,
				370B676918DC33200071CDE4 /* SInspectionViewController.h */,
				370B676A18DC33200071CDE4 /* SInspectionViewController.m */,
			);
			name = Inspection;
			sourceTree = "<group>";
		};
		4417CF6518AC74C700E6E09F = {
			isa = PBXGroup;
			children = (
				4417CF7718AC74C700E6E09F /* SmartITSM */,
				4417CF9618AC74C700E6E09F /* SmartITSMTests */,
				4417CF7018AC74C700E6E09F /* Frameworks */,
				4417CF6F18AC74C700E6E09F /* Products */,
			);
			sourceTree = "<group>";
		};
		4417CF6F18AC74C700E6E09F /* Products */ = {
			isa = PBXGroup;
			children = (
				4417CF6E18AC74C700E6E09F /* SmartITSM.app */,
				4417CF8F18AC74C700E6E09F /* SmartITSMTests.xctest */,
			);
			name = Products;
			sourceTree = "<group>";
		};
		4417CF7018AC74C700E6E09F /* Frameworks */ = {
			isa = PBXGroup;
			children = (
				4414453418D7DB3A00B9FFE0 /* libsqlite3.dylib */,
				4485DC5A18ACC81F00D17061 /* libnucleus.a */,
				4417CF7118AC74C700E6E09F /* Foundation.framework */,
				4417CF7318AC74C700E6E09F /* CoreGraphics.framework */,
				4417CF7518AC74C700E6E09F /* UIKit.framework */,
				4417CF9018AC74C700E6E09F /* XCTest.framework */,
			);
			name = Frameworks;
			sourceTree = "<group>";
		};
		4417CF7718AC74C700E6E09F /* SmartITSM */ = {
			isa = PBXGroup;
			children = (
				37948F6F18DFF8EB00A5BBDA /* Assets */,
				441E509B18DFFF93006831EA /* Common */,
				37948F3C18DFD4CD00A5BBDA /* Model */,
				4A085DEB18D81AEE0078CDF1 /* Signin */,
				4485DC2D18ACB6E200D17061 /* Core */,
				4A92F10218AC9CB200EB594B /* Tool */,
				4A92F0FE18AC9BEF00EB594B /* Discovery */,
				4A92F0FA18AC99D500EB594B /* Own */,
				4A92F10F18ACAEBE00EB594B /* RootViewController.h */,
				4A92F11018ACAEBE00EB594B /* RootViewController.m */,
				4417CF8018AC74C700E6E09F /* AppDelegate.h */,
				4417CF8118AC74C700E6E09F /* AppDelegate.m */,
				4417CF8318AC74C700E6E09F /* Main.storyboard */,
				4417CF8918AC74C700E6E09F /* Images.xcassets */,
				4417CF7818AC74C700E6E09F /* Supporting Files */,
			);
			path = SmartITSM;
			sourceTree = "<group>";
		};
		4417CF7818AC74C700E6E09F /* Supporting Files */ = {
			isa = PBXGroup;
			children = (
				4417CF7918AC74C700E6E09F /* SmartITSM-Info.plist */,
				4417CF7A18AC74C700E6E09F /* InfoPlist.strings */,
				4417CF7D18AC74C700E6E09F /* main.m */,
				4417CF7F18AC74C700E6E09F /* SmartITSM-Prefix.pch */,
			);
			name = "Supporting Files";
			sourceTree = "<group>";
		};
		4417CF9618AC74C700E6E09F /* SmartITSMTests */ = {
			isa = PBXGroup;
			children = (
				4417CF9C18AC74C700E6E09F /* SmartITSMTests.m */,
				4417CF9718AC74C700E6E09F /* Supporting Files */,
			);
			path = SmartITSMTests;
			sourceTree = "<group>";
		};
		4417CF9718AC74C700E6E09F /* Supporting Files */ = {
			isa = PBXGroup;
			children = (
				4417CF9818AC74C700E6E09F /* SmartITSMTests-Info.plist */,
				4417CF9918AC74C700E6E09F /* InfoPlist.strings */,
			);
			name = "Supporting Files";
			sourceTree = "<group>";
		};
		441E509B18DFFF93006831EA /* Common */ = {
			isa = PBXGroup;
			children = (
				449D726018E272BC009EC203 /* MBProgressHUD */,
				4439044C18E1772D00E65AF4 /* TSMessage */,
				3776A37918E14A210075B57F /* Popover */,
				441E509C18E00071006831EA /* Calendar */,
				37948F5218DFDDC300A5BBDA /* DataBase */,
			);
			name = Common;
			sourceTree = "<group>";
		};
		441E509C18E00071006831EA /* Calendar */ = {
			isa = PBXGroup;
			children = (
				441E50BE18E01D62006831EA /* Calendar.bundle */,
				441E509D18E00FCF006831EA /* CalPrefix.h */,
				441E509E18E00FCF006831EA /* Cal.h */,
				441E509F18E00FCF006831EA /* CalDataSource.h */,
				441E50A018E00FCF006831EA /* CalDataSource.m */,
				441E50A118E00FCF006831EA /* CalGridView.h */,
				441E50A218E00FCF006831EA /* CalGridView.m */,
				441E50A318E00FCF006831EA /* CalLogic.h */,
				441E50A418E00FCF006831EA /* CalLogic.m */,
				441E50A518E00FCF006831EA /* CalMonthView.h */,
				441E50A618E00FCF006831EA /* CalMonthView.m */,
				441E50A718E00FCF006831EA /* CalPrivate.h */,
				441E50A818E00FCF006831EA /* CalTileView.h */,
				441E50A918E00FCF006831EA /* CalTileView.m */,
				441E50AA18E00FCF006831EA /* CalView.h */,
				441E50AB18E00FCF006831EA /* CalView.m */,
				441E50AC18E00FCF006831EA /* CalViewController.h */,
				441E50AD18E00FCF006831EA /* CalViewController.m */,
				441E50AE18E00FCF006831EA /* NSDate+Convenience.h */,
				441E50AF18E00FCF006831EA /* NSDate+Convenience.m */,
				441E50B018E00FCF006831EA /* NSDateAdditions.h */,
				441E50B118E00FCF006831EA /* NSDateAdditions.m */,
				441E50B218E00FCF006831EA /* UIViewAdditions.h */,
				441E50B318E00FCF006831EA /* UIViewAdditions.m */,
			);
			name = Calendar;
			sourceTree = "<group>";
		};
		4439044C18E1772D00E65AF4 /* TSMessage */ = {
			isa = PBXGroup;
			children = (
				4439045B18E1793500E65AF4 /* TSMessagesDefaultDesign.json */,
				4439045918E1787700E65AF4 /* TSMessage.bundle */,
				4439044D18E1786C00E65AF4 /* HexColor.h */,
				4439044E18E1786C00E65AF4 /* HexColor.m */,
				4439044F18E1786C00E65AF4 /* TSBlurView.h */,
				4439045018E1786C00E65AF4 /* TSBlurView.m */,
				4439045118E1786C00E65AF4 /* TSMessage.h */,
				4439045218E1786C00E65AF4 /* TSMessage.m */,
				4439045318E1786C00E65AF4 /* TSMessageView.h */,
				4439045418E1786C00E65AF4 /* TSMessageView.m */,
			);
			name = TSMessage;
			sourceTree = "<group>";
		};
		4485DC2D18ACB6E200D17061 /* Core */ = {
			isa = PBXGroup;
			children = (
				4A085DF718D8564E0078CDF1 /* Reachability.h */,
				4A085DF818D8564E0078CDF1 /* Reachability.m */,
				44B02BF218ADA5E20001451F /* MastPrerequisites.h */,
				4485DC2E18ACBA2500D17061 /* MastEngine.h */,
				4485DC2F18ACBA2500D17061 /* MastEngine.m */,
				44B02BEF18ADA5990001451F /* ActionListener.h */,
				44B02BF018ADA5990001451F /* ActionListener.m */,
				44B02BF318ADA7DE0001451F /* StatusListener.h */,
				44B02BF418ADA7DE0001451F /* StatusListener.m */,
				44B02BF618ADAA2D0001451F /* Failure.h */,
				44B02BF718ADAA2D0001451F /* Failure.m */,
				44B02BF918ADAD7B0001451F /* Contacts.h */,
				44B02BFA18ADAD7B0001451F /* Contacts.m */,
				44B02BFC18ADAEB40001451F /* ListenerSet.h */,
				44B02BFD18ADAEB40001451F /* ListenerSet.m */,
			);
			name = Core;
			sourceTree = "<group>";
		};
		449D726018E272BC009EC203 /* MBProgressHUD */ = {
			isa = PBXGroup;
			children = (
				449D726118E27336009EC203 /* MBProgressHUD.h */,
				449D726218E27336009EC203 /* MBProgressHUD.m */,
			);
			name = MBProgressHUD;
			sourceTree = "<group>";
		};
		4A085DEB18D81AEE0078CDF1 /* Signin */ = {
			isa = PBXGroup;
			children = (
				4A085DEC18D81B1B0078CDF1 /* SSigninViewController.h */,
				4A085DED18D81B1B0078CDF1 /* SSigninViewController.m */,
				4A085DEF18D829E10078CDF1 /* SSigninView.h */,
				4A085DF018D829E10078CDF1 /* SSigninView.m */,
				4A085DF218D829FB0078CDF1 /* SConfigServerView.h */,
				4A085DF318D829FB0078CDF1 /* SConfigServerView.m */,
			);
			name = Signin;
			sourceTree = "<group>";
		};
		4A92F0FA18AC99D500EB594B /* Own */ = {
			isa = PBXGroup;
			children = (
				4AB79DA318DEEC0E00ECEC27 /* Alarm */,
				370B676C18DC34370071CDE4 /* Message */,
				37FA4C9218DBDF3B004AB106 /* Inspection */,
				37FA4C9118DBDF24004AB106 /* Change */,
				37FA4C9018DBDF1A004AB106 /* Problem */,
				37FA4C8F18DBDF0F004AB106 /* Incident */,
				4A92F0F118AC958F00EB594B /* SOwnViewController.h */,
				4A92F0F218AC958F00EB594B /* SOwnViewController.m */,
			);
			name = Own;
			sourceTree = "<group>";
		};
		4A92F0FE18AC9BEF00EB594B /* Discovery */ = {
			isa = PBXGroup;
			children = (
				4A92F0F418AC95B000EB594B /* SDiscoveryViewController.h */,
				4A92F0F518AC95B000EB594B /* SDiscoveryViewController.m */,
				4A92F0FF18AC9C4900EB594B /* SDiscoveryDetailViewController.h */,
				4A92F10018AC9C4900EB594B /* SDiscoveryDetailViewController.m */,
			);
			name = Discovery;
			sourceTree = "<group>";
		};
		4A92F10218AC9CB200EB594B /* Tool */ = {
			isa = PBXGroup;
			children = (
				4AC37C9718E13755001A82C5 /* Resource */,
				4A92F0F718AC972B00EB594B /* SToolViewController.h */,
				4A92F0F818AC972B00EB594B /* SToolViewController.m */,
				4A92F10318AC9CF400EB594B /* SToolDetailViewController.h */,
				4A92F10418AC9CF400EB594B /* SToolDetailViewController.m */,
				44B1182A18DADF7B00539D0C /* STool.h */,
				44B1182B18DADF7B00539D0C /* STool.m */,
			);
			name = Tool;
			sourceTree = "<group>";
		};
		4AB79DA318DEEC0E00ECEC27 /* Alarm */ = {
			isa = PBXGroup;
			children = (
				4AB79DA718DEEC8200ECEC27 /* SAlarmContentViewController.h */,
				4AB79DA818DEEC8200ECEC27 /* SAlarmContentViewController.m */,
				4AB79DAA18DEEF6700ECEC27 /* SAlarmViewController.h */,
				4AB79DAB18DEEF6700ECEC27 /* SAlarmViewController.m */,
			);
			name = Alarm;
			sourceTree = "<group>";
		};
		4AC37C9718E13755001A82C5 /* Resource */ = {
			isa = PBXGroup;
			children = (
				4AC37C9818E13792001A82C5 /* SResourceListViewController.h */,
				4AC37C9918E13792001A82C5 /* SResourceListViewController.m */,
			);
			name = Resource;
			sourceTree = "<group>";
		};
/* End PBXGroup section */

/* Begin PBXNativeTarget section */
		4417CF6D18AC74C700E6E09F /* SmartITSM */ = {
			isa = PBXNativeTarget;
			buildConfigurationList = 4417CFA018AC74C700E6E09F /* Build configuration list for PBXNativeTarget "SmartITSM" */;
			buildPhases = (
				4417CF6A18AC74C700E6E09F /* Sources */,
				4417CF6B18AC74C700E6E09F /* Frameworks */,
				4417CF6C18AC74C700E6E09F /* Resources */,
			);
			buildRules = (
			);
			dependencies = (
			);
			name = SmartITSM;
			productName = SmartITSM;
			productReference = 4417CF6E18AC74C700E6E09F /* SmartITSM.app */;
			productType = "com.apple.product-type.application";
		};
		4417CF8E18AC74C700E6E09F /* SmartITSMTests */ = {
			isa = PBXNativeTarget;
			buildConfigurationList = 4417CFA318AC74C700E6E09F /* Build configuration list for PBXNativeTarget "SmartITSMTests" */;
			buildPhases = (
				4417CF8B18AC74C700E6E09F /* Sources */,
				4417CF8C18AC74C700E6E09F /* Frameworks */,
				4417CF8D18AC74C700E6E09F /* Resources */,
			);
			buildRules = (
			);
			dependencies = (
				4417CF9518AC74C700E6E09F /* PBXTargetDependency */,
			);
			name = SmartITSMTests;
			productName = SmartITSMTests;
			productReference = 4417CF8F18AC74C700E6E09F /* SmartITSMTests.xctest */;
			productType = "com.apple.product-type.bundle.unit-test";
		};
/* End PBXNativeTarget section */

/* Begin PBXProject section */
		4417CF6618AC74C700E6E09F /* Project object */ = {
			isa = PBXProject;
			attributes = {
				LastUpgradeCheck = 0510;
				ORGANIZATIONNAME = Ambrose;
				TargetAttributes = {
					4417CF8E18AC74C700E6E09F = {
						TestTargetID = 4417CF6D18AC74C700E6E09F;
					};
				};
			};
			buildConfigurationList = 4417CF6918AC74C700E6E09F /* Build configuration list for PBXProject "SmartITSM" */;
			compatibilityVersion = "Xcode 3.2";
			developmentRegion = English;
			hasScannedForEncodings = 0;
			knownRegions = (
				en,
				Base,
			);
			mainGroup = 4417CF6518AC74C700E6E09F;
			productRefGroup = 4417CF6F18AC74C700E6E09F /* Products */;
			projectDirPath = "";
			projectRoot = "";
			targets = (
				4417CF6D18AC74C700E6E09F /* SmartITSM */,
				4417CF8E18AC74C700E6E09F /* SmartITSMTests */,
			);
		};
/* End PBXProject section */

/* Begin PBXResourcesBuildPhase section */
		4417CF6C18AC74C700E6E09F /* Resources */ = {
			isa = PBXResourcesBuildPhase;
			buildActionMask = 2147483647;
			files = (
				37948F7118DFFAC100A5BBDA /* SmartITSM.db in Resources */,
				441E50BF18E01D62006831EA /* Calendar.bundle in Resources */,
				4439045C18E1793500E65AF4 /* TSMessagesDefaultDesign.json in Resources */,
				4417CF8A18AC74C700E6E09F /* Images.xcassets in Resources */,
				4417CF7C18AC74C700E6E09F /* InfoPlist.strings in Resources */,
				4439045A18E1787700E65AF4 /* TSMessage.bundle in Resources */,
				37948F6A18DFE23B00A5BBDA /* SIncidentBaseInfoCell.xib in Resources */,
				4417CF8518AC74C700E6E09F /* Main.storyboard in Resources */,
			);
			runOnlyForDeploymentPostprocessing = 0;
		};
		4417CF8D18AC74C700E6E09F /* Resources */ = {
			isa = PBXResourcesBuildPhase;
			buildActionMask = 2147483647;
			files = (
				4417CF9B18AC74C700E6E09F /* InfoPlist.strings in Resources */,
			);
			runOnlyForDeploymentPostprocessing = 0;
		};
/* End PBXResourcesBuildPhase section */

/* Begin PBXSourcesBuildPhase section */
		4417CF6A18AC74C700E6E09F /* Sources */ = {
			isa = PBXSourcesBuildPhase;
			buildActionMask = 2147483647;
			files = (
				4AC37C9A18E13792001A82C5 /* SResourceListViewController.m in Sources */,
				4A92F0F318AC958F00EB594B /* SOwnViewController.m in Sources */,
				441E50BA18E00FCF006831EA /* CalViewController.m in Sources */,
				441E50B518E00FCF006831EA /* CalGridView.m in Sources */,
				370B677818DC35660071CDE4 /* SInspectionContentViewController.m in Sources */,
				3776A38618E14A210075B57F /* WETouchableView.m in Sources */,
				37948F6D18DFE49800A5BBDA /* SIncidentListView.m in Sources */,
				441E50B818E00FCF006831EA /* CalTileView.m in Sources */,
				4439045518E1786C00E65AF4 /* HexColor.m in Sources */,
				441E50B618E00FCF006831EA /* CalLogic.m in Sources */,
				4A92F0F918AC972B00EB594B /* SToolViewController.m in Sources */,
				44B1182C18DADF7B00539D0C /* STool.m in Sources */,
				449D726318E27336009EC203 /* MBProgressHUD.m in Sources */,
				44B02BF818ADAA2D0001451F /* Failure.m in Sources */,
				4AB79DA918DEEC8200ECEC27 /* SAlarmContentViewController.m in Sources */,
				370B676F18DC344F0071CDE4 /* SMessageViewController.m in Sources */,
				4A92F10118AC9C4900EB594B /* SDiscoveryDetailViewController.m in Sources */,
				441E50B918E00FCF006831EA /* CalView.m in Sources */,
				37948F5F18DFDDDB00A5BBDA /* FMDatabaseAdditions.m in Sources */,
				37948F4A18DFD5CA00A5BBDA /* SInspection.m in Sources */,
				4A92F0F618AC95B000EB594B /* SDiscoveryViewController.m in Sources */,
				37948F4E18DFD5CA00A5BBDA /* SIncidentDao.m in Sources */,
				37948F6518DFDDE900A5BBDA /* SDatabase.m in Sources */,
				4A085DF118D829E10078CDF1 /* SSigninView.m in Sources */,
				4A085DF418D829FB0078CDF1 /* SConfigServerView.m in Sources */,
				37948F3B18DFD05B00A5BBDA /* SMessageContentViewController.m in Sources */,
				441E50B718E00FCF006831EA /* CalMonthView.m in Sources */,
				4417CF8218AC74C700E6E09F /* AppDelegate.m in Sources */,
				44B02BFB18ADAD7B0001451F /* Contacts.m in Sources */,
				4A085DF918D8564E0078CDF1 /* Reachability.m in Sources */,
				37FA4C9818DBE153004AB106 /* SProblemViewController.m in Sources */,
				44B02BF118ADA5990001451F /* ActionListener.m in Sources */,
				44B02BFE18ADAEB40001451F /* ListenerSet.m in Sources */,
				370B677518DC35520071CDE4 /* SProblemContentViewController.m in Sources */,
				37948F6918DFE23B00A5BBDA /* SIncidentBaseInfoCell.m in Sources */,
				441E50BB18E00FCF006831EA /* NSDate+Convenience.m in Sources */,
				370B677E18DC364E0071CDE4 /* SIncidentContentViewController.m in Sources */,
				37948F5E18DFDDDB00A5BBDA /* FMDatabase.m in Sources */,
				37948F6018DFDDDB00A5BBDA /* FMDatabasePool.m in Sources */,
				441E50B418E00FCF006831EA /* CalDataSource.m in Sources */,
				4A92F10518AC9CF400EB594B /* SToolDetailViewController.m in Sources */,
				441E50BD18E00FCF006831EA /* UIViewAdditions.m in Sources */,
				4A92F11118ACAEBE00EB594B /* RootViewController.m in Sources */,
				4A085DEE18D81B1B0078CDF1 /* SSigninViewController.m in Sources */,
				37FA4C9E18DBE196004AB106 /* SIncidentViewController.m in Sources */,
				37948F6218DFDDDB00A5BBDA /* FMResultSet.m in Sources */,
				4439045618E1786C00E65AF4 /* TSBlurView.m in Sources */,
				3776A38518E14A210075B57F /* WEPopoverController.m in Sources */,
				37948F4D18DFD5CA00A5BBDA /* SProblemDao.m in Sources */,
				3776A38418E14A210075B57F /* WEPopoverContainerView.m in Sources */,
				3776A38318E14A210075B57F /* UIBarButtonItem+WEPopover.m in Sources */,
				37FA4C9B18DBE16F004AB106 /* SChangeViewController.m in Sources */,
				370B676B18DC33200071CDE4 /* SInspectionViewController.m in Sources */,
				4439045818E1786C00E65AF4 /* TSMessageView.m in Sources */,
				4417CF7E18AC74C700E6E09F /* main.m in Sources */,
				4485DC3018ACBA2500D17061 /* MastEngine.m in Sources */,
				37948F4918DFD5CA00A5BBDA /* SIncident.m in Sources */,
				37948F4B18DFD5CA00A5BBDA /* SInspectionDao.m in Sources */,
				370B677B18DC35820071CDE4 /* SChangeContentViewController.m in Sources */,
				441E50BC18E00FCF006831EA /* NSDateAdditions.m in Sources */,
				37948F4C18DFD5CA00A5BBDA /* SProblem.m in Sources */,
				4439045718E1786C00E65AF4 /* TSMessage.m in Sources */,
				37948F5118DFD6E300A5BBDA /* SUser.m in Sources */,
				3776A38918E14B2A0075B57F /* SIncidentOperationPopoverController.m in Sources */,
				4AB79DAC18DEEF6700ECEC27 /* SAlarmViewController.m in Sources */,
				44B02BF518ADA7DE0001451F /* StatusListener.m in Sources */,
				37948F6118DFDDDB00A5BBDA /* FMDatabaseQueue.m in Sources */,
			);
			runOnlyForDeploymentPostprocessing = 0;
		};
		4417CF8B18AC74C700E6E09F /* Sources */ = {
			isa = PBXSourcesBuildPhase;
			buildActionMask = 2147483647;
			files = (
				4417CF9D18AC74C700E6E09F /* SmartITSMTests.m in Sources */,
			);
			runOnlyForDeploymentPostprocessing = 0;
		};
/* End PBXSourcesBuildPhase section */

/* Begin PBXTargetDependency section */
		4417CF9518AC74C700E6E09F /* PBXTargetDependency */ = {
			isa = PBXTargetDependency;
			target = 4417CF6D18AC74C700E6E09F /* SmartITSM */;
			targetProxy = 4417CF9418AC74C700E6E09F /* PBXContainerItemProxy */;
		};
/* End PBXTargetDependency section */

/* Begin PBXVariantGroup section */
		4417CF7A18AC74C700E6E09F /* InfoPlist.strings */ = {
			isa = PBXVariantGroup;
			children = (
				4417CF7B18AC74C700E6E09F /* en */,
			);
			name = InfoPlist.strings;
			sourceTree = "<group>";
		};
		4417CF8318AC74C700E6E09F /* Main.storyboard */ = {
			isa = PBXVariantGroup;
			children = (
				4417CF8418AC74C700E6E09F /* Base */,
			);
			name = Main.storyboard;
			sourceTree = "<group>";
		};
		4417CF9918AC74C700E6E09F /* InfoPlist.strings */ = {
			isa = PBXVariantGroup;
			children = (
				4417CF9A18AC74C700E6E09F /* en */,
			);
			name = InfoPlist.strings;
			sourceTree = "<group>";
		};
/* End PBXVariantGroup section */

/* Begin XCBuildConfiguration section */
		4417CF9E18AC74C700E6E09F /* Debug */ = {
			isa = XCBuildConfiguration;
			buildSettings = {
				ALWAYS_SEARCH_USER_PATHS = NO;
				CLANG_CXX_LANGUAGE_STANDARD = "gnu++0x";
				CLANG_CXX_LIBRARY = "libc++";
				CLANG_ENABLE_MODULES = YES;
				CLANG_ENABLE_OBJC_ARC = YES;
				CLANG_WARN_BOOL_CONVERSION = YES;
				CLANG_WARN_CONSTANT_CONVERSION = YES;
				CLANG_WARN_DIRECT_OBJC_ISA_USAGE = YES_ERROR;
				CLANG_WARN_EMPTY_BODY = YES;
				CLANG_WARN_ENUM_CONVERSION = YES;
				CLANG_WARN_INT_CONVERSION = YES;
				CLANG_WARN_OBJC_ROOT_CLASS = YES_ERROR;
				CLANG_WARN__DUPLICATE_METHOD_MATCH = YES;
				"CODE_SIGN_IDENTITY[sdk=iphoneos*]" = "iPhone Developer";
				COPY_PHASE_STRIP = NO;
				GCC_C_LANGUAGE_STANDARD = gnu99;
				GCC_DYNAMIC_NO_PIC = NO;
				GCC_OPTIMIZATION_LEVEL = 0;
				GCC_PREPROCESSOR_DEFINITIONS = (
					"DEBUG=1",
					"$(inherited)",
				);
				GCC_SYMBOLS_PRIVATE_EXTERN = NO;
				GCC_WARN_64_TO_32_BIT_CONVERSION = YES;
				GCC_WARN_ABOUT_RETURN_TYPE = YES_ERROR;
				GCC_WARN_UNDECLARED_SELECTOR = YES;
				GCC_WARN_UNINITIALIZED_AUTOS = YES;
				GCC_WARN_UNUSED_FUNCTION = YES;
				GCC_WARN_UNUSED_VARIABLE = YES;
				HEADER_SEARCH_PATHS = (
					"$(inherited)",
					"/Applications/Xcode\\ 5.0.app/Contents/Developer/Toolchains/XcodeDefault.xctoolchain/usr/include",
				);
				IPHONEOS_DEPLOYMENT_TARGET = 7.0;
				ONLY_ACTIVE_ARCH = YES;
				SDKROOT = iphoneos;
				USER_HEADER_SEARCH_PATHS = "../nucleus/include  ";
			};
			name = Debug;
		};
		4417CF9F18AC74C700E6E09F /* Release */ = {
			isa = XCBuildConfiguration;
			buildSettings = {
				ALWAYS_SEARCH_USER_PATHS = NO;
				CLANG_CXX_LANGUAGE_STANDARD = "gnu++0x";
				CLANG_CXX_LIBRARY = "libc++";
				CLANG_ENABLE_MODULES = YES;
				CLANG_ENABLE_OBJC_ARC = YES;
				CLANG_WARN_BOOL_CONVERSION = YES;
				CLANG_WARN_CONSTANT_CONVERSION = YES;
				CLANG_WARN_DIRECT_OBJC_ISA_USAGE = YES_ERROR;
				CLANG_WARN_EMPTY_BODY = YES;
				CLANG_WARN_ENUM_CONVERSION = YES;
				CLANG_WARN_INT_CONVERSION = YES;
				CLANG_WARN_OBJC_ROOT_CLASS = YES_ERROR;
				CLANG_WARN__DUPLICATE_METHOD_MATCH = YES;
				"CODE_SIGN_IDENTITY[sdk=iphoneos*]" = "iPhone Developer";
				COPY_PHASE_STRIP = YES;
				ENABLE_NS_ASSERTIONS = NO;
				GCC_C_LANGUAGE_STANDARD = gnu99;
				GCC_WARN_64_TO_32_BIT_CONVERSION = YES;
				GCC_WARN_ABOUT_RETURN_TYPE = YES_ERROR;
				GCC_WARN_UNDECLARED_SELECTOR = YES;
				GCC_WARN_UNINITIALIZED_AUTOS = YES;
				GCC_WARN_UNUSED_FUNCTION = YES;
				GCC_WARN_UNUSED_VARIABLE = YES;
				HEADER_SEARCH_PATHS = (
					"$(inherited)",
					"/Applications/Xcode\\ 5.0.app/Contents/Developer/Toolchains/XcodeDefault.xctoolchain/usr/include",
				);
				IPHONEOS_DEPLOYMENT_TARGET = 7.0;
				SDKROOT = iphoneos;
				USER_HEADER_SEARCH_PATHS = "../nucleus/include  ";
				VALIDATE_PRODUCT = YES;
			};
			name = Release;
		};
		4417CFA118AC74C700E6E09F /* Debug */ = {
			isa = XCBuildConfiguration;
			buildSettings = {
				ASSETCATALOG_COMPILER_APPICON_NAME = AppIcon;
				ASSETCATALOG_COMPILER_LAUNCHIMAGE_NAME = LaunchImage;
				GCC_PRECOMPILE_PREFIX_HEADER = YES;
				GCC_PREFIX_HEADER = "SmartITSM/SmartITSM-Prefix.pch";
				INFOPLIST_FILE = "SmartITSM/SmartITSM-Info.plist";
				LIBRARY_SEARCH_PATHS = "../nucleus/bin/Debug-iphonesimulator ";
				OTHER_LDFLAGS = (
					"-all_load",
					"-ObjC",
				);
				PRODUCT_NAME = "$(TARGET_NAME)";
				WRAPPER_EXTENSION = app;
			};
			name = Debug;
		};
		4417CFA218AC74C700E6E09F /* Release */ = {
			isa = XCBuildConfiguration;
			buildSettings = {
				ASSETCATALOG_COMPILER_APPICON_NAME = AppIcon;
				ASSETCATALOG_COMPILER_LAUNCHIMAGE_NAME = LaunchImage;
				GCC_PRECOMPILE_PREFIX_HEADER = YES;
				GCC_PREFIX_HEADER = "SmartITSM/SmartITSM-Prefix.pch";
				INFOPLIST_FILE = "SmartITSM/SmartITSM-Info.plist";
				LIBRARY_SEARCH_PATHS = "../nucleus/bin/Debug-iphonesimulator ";
				OTHER_LDFLAGS = (
					"-all_load",
					"-ObjC",
				);
				PRODUCT_NAME = "$(TARGET_NAME)";
				WRAPPER_EXTENSION = app;
			};
			name = Release;
		};
		4417CFA418AC74C700E6E09F /* Debug */ = {
			isa = XCBuildConfiguration;
			buildSettings = {
				BUNDLE_LOADER = "$(BUILT_PRODUCTS_DIR)/SmartITSM.app/SmartITSM";
				FRAMEWORK_SEARCH_PATHS = (
					"$(SDKROOT)/Developer/Library/Frameworks",
					"$(inherited)",
					"$(DEVELOPER_FRAMEWORKS_DIR)",
				);
				GCC_PRECOMPILE_PREFIX_HEADER = YES;
				GCC_PREFIX_HEADER = "SmartITSM/SmartITSM-Prefix.pch";
				GCC_PREPROCESSOR_DEFINITIONS = (
					"DEBUG=1",
					"$(inherited)",
				);
				INFOPLIST_FILE = "SmartITSMTests/SmartITSMTests-Info.plist";
				PRODUCT_NAME = "$(TARGET_NAME)";
				TEST_HOST = "$(BUNDLE_LOADER)";
				WRAPPER_EXTENSION = xctest;
			};
			name = Debug;
		};
		4417CFA518AC74C700E6E09F /* Release */ = {
			isa = XCBuildConfiguration;
			buildSettings = {
				BUNDLE_LOADER = "$(BUILT_PRODUCTS_DIR)/SmartITSM.app/SmartITSM";
				FRAMEWORK_SEARCH_PATHS = (
					"$(SDKROOT)/Developer/Library/Frameworks",
					"$(inherited)",
					"$(DEVELOPER_FRAMEWORKS_DIR)",
				);
				GCC_PRECOMPILE_PREFIX_HEADER = YES;
				GCC_PREFIX_HEADER = "SmartITSM/SmartITSM-Prefix.pch";
				INFOPLIST_FILE = "SmartITSMTests/SmartITSMTests-Info.plist";
				PRODUCT_NAME = "$(TARGET_NAME)";
				TEST_HOST = "$(BUNDLE_LOADER)";
				WRAPPER_EXTENSION = xctest;
			};
			name = Release;
		};
/* End XCBuildConfiguration section */

/* Begin XCConfigurationList section */
		4417CF6918AC74C700E6E09F /* Build configuration list for PBXProject "SmartITSM" */ = {
			isa = XCConfigurationList;
			buildConfigurations = (
				4417CF9E18AC74C700E6E09F /* Debug */,
				4417CF9F18AC74C700E6E09F /* Release */,
			);
			defaultConfigurationIsVisible = 0;
			defaultConfigurationName = Release;
		};
		4417CFA018AC74C700E6E09F /* Build configuration list for PBXNativeTarget "SmartITSM" */ = {
			isa = XCConfigurationList;
			buildConfigurations = (
				4417CFA118AC74C700E6E09F /* Debug */,
				4417CFA218AC74C700E6E09F /* Release */,
			);
			defaultConfigurationIsVisible = 0;
			defaultConfigurationName = Release;
		};
		4417CFA318AC74C700E6E09F /* Build configuration list for PBXNativeTarget "SmartITSMTests" */ = {
			isa = XCConfigurationList;
			buildConfigurations = (
				4417CFA418AC74C700E6E09F /* Debug */,
				4417CFA518AC74C700E6E09F /* Release */,
			);
			defaultConfigurationIsVisible = 0;
			defaultConfigurationName = Release;
		};
/* End XCConfigurationList section */
	};
	rootObject = 4417CF6618AC74C700E6E09F /* Project object */;
}
